
Microsoft Visual Studio Solution File, Format Version 12.00
# Visual Studio Version 17
VisualStudioVersion = 17.9.34728.123
MinimumVisualStudioVersion = 10.0.40219.1
Project("{888888A0-9F3D-457C-B088-3A5042F75D52}") = "AutoCodeReviewer", "AutoCodeReviewer\AutoCodeReviewer.pyproj", "{64BDD555-B044-4545-93B0-C26581BDF72A}"
EndProject
Global
	GlobalSection(SolutionConfigurationPlatforms) = preSolution
		Debug|Any CPU = Debug|Any CPU
		Release|Any CPU = Release|Any CPU
	EndGlobalSection
	GlobalSection(ProjectConfigurationPlatforms) = postSolution
		{64BDD555-B044-4545-93B0-C26581BDF72A}.Debug|Any CPU.ActiveCfg = Debug|Any CPU
		{64BDD555-B044-4545-93B0-C26581BDF72A}.Release|Any CPU.ActiveCfg = Release|Any CPU
	EndGlobalSection
	GlobalSection(SolutionProperties) = preSolution
		HideSolutionNode = FALSE
	EndGlobalSection
	GlobalSection(ExtensibilityGlobals) = postSolution
		SolutionGuid = {115A1856-4BE9-44C8-8CB6-96407A1DABB1}
	EndGlobalSection
EndGlobal
